# This file was autogenerated by Stack.
# You should not edit this file by hand.
# For more information, please see the documentation at:
#   https://docs.haskellstack.org/en/stable/lock_files

packages:
- completed:
    hackage: hlint-test-0.1.0.0@sha256:e427c0593433205fc629fb05b74c6b1deb1de72d1571f26142de008f0d5ee7a9,1814
    pantry-tree:
      size: 442
      sha256: 347eac6c8a3c02fc0101444d6526b57b3c27785809149b12f90d8db57c721fea
  original:
    hackage: hlint-test-0.1.0.0
snapshots:
- completed:
    size: 524789
    url: https://raw.githubusercontent.com/commercialhaskell/stackage-snapshots/master/lts/14/9.yaml
    sha256: 8af5eb80734f02621d37e82cc0cde614af2ddc9c320610acb0b1b6d9ac162930
  original: lts-14.9
